
Microsoft Visual Studio Solution File, Format Version 12.00
# Visual Studio Version 16
VisualStudioVersion = 16.0.30225.117
MinimumVisualStudioVersion = 10.0.40219.1
Project("{FAE04EC0-301F-11D3-BF4B-00C04F79EFBC}") = "OurTextBasedAdventure", "OurTextBasedAdventure.csproj", "{09F0130E-2E04-4A14-919B-8D0CE36F9DE6}"
EndProject
Global
	GlobalSection(SolutionConfigurationPlatforms) = preSolution
		Debug|Any CPU = Debug|Any CPU
		Release|Any CPU = Release|Any CPU
	EndGlobalSection
	GlobalSection(ProjectConfigurationPlatforms) = postSolution
		{09F0130E-2E04-4A14-919B-8D0CE36F9DE6}.Debug|Any CPU.ActiveCfg = Debug|Any CPU
		{09F0130E-2E04-4A14-919B-8D0CE36F9DE6}.Debug|Any CPU.Build.0 = Debug|Any CPU
		{09F0130E-2E04-4A14-919B-8D0CE36F9DE6}.Release|Any CPU.ActiveCfg = Release|Any CPU
		{09F0130E-2E04-4A14-919B-8D0CE36F9DE6}.Release|Any CPU.Build.0 = Release|Any CPU
	EndGlobalSection
	GlobalSection(SolutionProperties) = preSolution
		HideSolutionNode = FALSE
	EndGlobalSection
	GlobalSection(ExtensibilityGlobals) = postSolution
		SolutionGuid = {AD2FE42D-5528-45F2-8468-1D375E5516FC}
	EndGlobalSection
EndGlobal
